
Microsoft Visual Studio Solution File, Format Version 12.00
# Visual Studio Version 16
VisualStudioVersion = 16.0.29905.134
MinimumVisualStudioVersion = 10.0.40219.1
Project("{FAE04EC0-301F-11D3-BF4B-00C04F79EFBC}") = "Ej 2 Libro", "Ej 2 Libro\Ej 2 Libro.csproj", "{704D64B3-CABA-4D02-AD27-729C166EB6C7}"
EndProject
Global
	GlobalSection(SolutionConfigurationPlatforms) = preSolution
		Debug|Any CPU = Debug|Any CPU
		Release|Any CPU = Release|Any CPU
	EndGlobalSection
	GlobalSection(ProjectConfigurationPlatforms) = postSolution
		{704D64B3-CABA-4D02-AD27-729C166EB6C7}.Debug|Any CPU.ActiveCfg = Debug|Any CPU
		{704D64B3-CABA-4D02-AD27-729C166EB6C7}.Debug|Any CPU.Build.0 = Debug|Any CPU
		{704D64B3-CABA-4D02-AD27-729C166EB6C7}.Release|Any CPU.ActiveCfg = Release|Any CPU
		{704D64B3-CABA-4D02-AD27-729C166EB6C7}.Release|Any CPU.Build.0 = Release|Any CPU
	EndGlobalSection
	GlobalSection(SolutionProperties) = preSolution
		HideSolutionNode = FALSE
	EndGlobalSection
	GlobalSection(ExtensibilityGlobals) = postSolution
		SolutionGuid = {B2C7B89A-E8EA-4100-8890-F01650CF3299}
	EndGlobalSection
EndGlobal
