
Microsoft Visual Studio Solution File, Format Version 12.00
# Visual Studio Version 16
VisualStudioVersion = 16.0.29905.134
MinimumVisualStudioVersion = 10.0.40219.1
Project("{FAE04EC0-301F-11D3-BF4B-00C04F79EFBC}") = "2", "2\2.csproj", "{D73C8A26-26A2-4962-9806-0EBCA06D7F84}"
EndProject
Global
	GlobalSection(SolutionConfigurationPlatforms) = preSolution
		Debug|Any CPU = Debug|Any CPU
		Release|Any CPU = Release|Any CPU
	EndGlobalSection
	GlobalSection(ProjectConfigurationPlatforms) = postSolution
		{D73C8A26-26A2-4962-9806-0EBCA06D7F84}.Debug|Any CPU.ActiveCfg = Debug|Any CPU
		{D73C8A26-26A2-4962-9806-0EBCA06D7F84}.Debug|Any CPU.Build.0 = Debug|Any CPU
		{D73C8A26-26A2-4962-9806-0EBCA06D7F84}.Release|Any CPU.ActiveCfg = Release|Any CPU
		{D73C8A26-26A2-4962-9806-0EBCA06D7F84}.Release|Any CPU.Build.0 = Release|Any CPU
	EndGlobalSection
	GlobalSection(SolutionProperties) = preSolution
		HideSolutionNode = FALSE
	EndGlobalSection
	GlobalSection(ExtensibilityGlobals) = postSolution
		SolutionGuid = {75BCBA70-A153-49EE-BA17-EEAE633147E6}
	EndGlobalSection
EndGlobal
